
Microsoft Visual Studio Solution File, Format Version 12.00
# Visual Studio Version 17
VisualStudioVersion = 17.0.31903.59
MinimumVisualStudioVersion = 10.0.40219.1
Project("{2150E333-8FDC-42A3-9474-1A3956D46DE8}") = "src", "src", "{827E0CD3-B72D-47B6-A68D-7590B98EB39B}"
EndProject
Project("{2150E333-8FDC-42A3-9474-1A3956D46DE8}") = "Core", "Core", "{A1B2C3D4-E5F6-7890-ABCD-EF1234567890}"
EndProject
Project("{2150E333-8FDC-42A3-9474-1A3956D46DE8}") = "Modules", "Modules", "{B2C3D4E5-F6A7-8901-BCDE-F23456789012}"
EndProject
Project("{FAE04EC0-301F-11D3-BF4B-00C04F79EFBC}") = "QuantumBuild.Core.Domain", "src\Core\QuantumBuild.Core.Domain\QuantumBuild.Core.Domain.csproj", "{D4E5F6A7-B8C9-0123-DEF0-456789012345}"
EndProject
Project("{FAE04EC0-301F-11D3-BF4B-00C04F79EFBC}") = "QuantumBuild.Core.Application", "src\Core\QuantumBuild.Core.Application\QuantumBuild.Core.Application.csproj", "{E5F6A7B8-C9D0-1234-EF01-567890123456}"
EndProject
Project("{FAE04EC0-301F-11D3-BF4B-00C04F79EFBC}") = "QuantumBuild.Core.Infrastructure", "src\Core\QuantumBuild.Core.Infrastructure\QuantumBuild.Core.Infrastructure.csproj", "{F6A7B8C9-D0E1-2345-F012-678901234567}"
EndProject
Project("{FAE04EC0-301F-11D3-BF4B-00C04F79EFBC}") = "QuantumBuild.API", "src\QuantumBuild.API\QuantumBuild.API.csproj", "{D0E1F2A3-B4C5-6789-3456-012345678901}"
EndProject
Project("{2150E333-8FDC-42A3-9474-1A3956D46DE8}") = "tests", "tests", "{0AB3BF05-4346-4AA6-1389-037BE0695223}"
EndProject
Project("{FAE04EC0-301F-11D3-BF4B-00C04F79EFBC}") = "QuantumBuild.Tests.Common", "tests\QuantumBuild.Tests.Common\QuantumBuild.Tests.Common.csproj", "{F0B24F66-A46B-44A5-85A8-1B21359A3457}"
EndProject
Project("{FAE04EC0-301F-11D3-BF4B-00C04F79EFBC}") = "QuantumBuild.Tests.Unit", "tests\QuantumBuild.Tests.Unit\QuantumBuild.Tests.Unit.csproj", "{FA08D025-7DFA-4DDB-BECD-A41188CDBDB4}"
EndProject
Project("{FAE04EC0-301F-11D3-BF4B-00C04F79EFBC}") = "QuantumBuild.Tests.Integration", "tests\QuantumBuild.Tests.Integration\QuantumBuild.Tests.Integration.csproj", "{571CA7B2-6252-462F-B8D2-438C516233A1}"
EndProject
Global
	GlobalSection(SolutionConfigurationPlatforms) = preSolution
		Debug|Any CPU = Debug|Any CPU
		Debug|x64 = Debug|x64
		Debug|x86 = Debug|x86
		Release|Any CPU = Release|Any CPU
		Release|x64 = Release|x64
		Release|x86 = Release|x86
	EndGlobalSection
	GlobalSection(ProjectConfigurationPlatforms) = postSolution
		{D4E5F6A7-B8C9-0123-DEF0-456789012345}.Debug|Any CPU.ActiveCfg = Debug|Any CPU
		{D4E5F6A7-B8C9-0123-DEF0-456789012345}.Debug|Any CPU.Build.0 = Debug|Any CPU
		{D4E5F6A7-B8C9-0123-DEF0-456789012345}.Debug|x64.ActiveCfg = Debug|Any CPU
		{D4E5F6A7-B8C9-0123-DEF0-456789012345}.Debug|x64.Build.0 = Debug|Any CPU
		{D4E5F6A7-B8C9-0123-DEF0-456789012345}.Debug|x86.ActiveCfg = Debug|Any CPU
		{D4E5F6A7-B8C9-0123-DEF0-456789012345}.Debug|x86.Build.0 = Debug|Any CPU
		{D4E5F6A7-B8C9-0123-DEF0-456789012345}.Release|Any CPU.ActiveCfg = Release|Any CPU
		{D4E5F6A7-B8C9-0123-DEF0-456789012345}.Release|Any CPU.Build.0 = Release|Any CPU
		{D4E5F6A7-B8C9-0123-DEF0-456789012345}.Release|x64.ActiveCfg = Release|Any CPU
		{D4E5F6A7-B8C9-0123-DEF0-456789012345}.Release|x64.Build.0 = Release|Any CPU
		{D4E5F6A7-B8C9-0123-DEF0-456789012345}.Release|x86.ActiveCfg = Release|Any CPU
		{D4E5F6A7-B8C9-0123-DEF0-456789012345}.Release|x86.Build.0 = Release|Any CPU
		{E5F6A7B8-C9D0-1234-EF01-567890123456}.Debug|Any CPU.ActiveCfg = Debug|Any CPU
		{E5F6A7B8-C9D0-1234-EF01-567890123456}.Debug|Any CPU.Build.0 = Debug|Any CPU
		{E5F6A7B8-C9D0-1234-EF01-567890123456}.Debug|x64.ActiveCfg = Debug|Any CPU
		{E5F6A7B8-C9D0-1234-EF01-567890123456}.Debug|x64.Build.0 = Debug|Any CPU
		{E5F6A7B8-C9D0-1234-EF01-567890123456}.Debug|x86.ActiveCfg = Debug|Any CPU
		{E5F6A7B8-C9D0-1234-EF01-567890123456}.Debug|x86.Build.0 = Debug|Any CPU
		{E5F6A7B8-C9D0-1234-EF01-567890123456}.Release|Any CPU.ActiveCfg = Release|Any CPU
		{E5F6A7B8-C9D0-1234-EF01-567890123456}.Release|Any CPU.Build.0 = Release|Any CPU
		{E5F6A7B8-C9D0-1234-EF01-567890123456}.Release|x64.ActiveCfg = Release|Any CPU
		{E5F6A7B8-C9D0-1234-EF01-567890123456}.Release|x64.Build.0 = Release|Any CPU
		{E5F6A7B8-C9D0-1234-EF01-567890123456}.Release|x86.ActiveCfg = Release|Any CPU
		{E5F6A7B8-C9D0-1234-EF01-567890123456}.Release|x86.Build.0 = Release|Any CPU
		{F6A7B8C9-D0E1-2345-F012-678901234567}.Debug|Any CPU.ActiveCfg = Debug|Any CPU
		{F6A7B8C9-D0E1-2345-F012-678901234567}.Debug|Any CPU.Build.0 = Debug|Any CPU
		{F6A7B8C9-D0E1-2345-F012-678901234567}.Debug|x64.ActiveCfg = Debug|Any CPU
		{F6A7B8C9-D0E1-2345-F012-678901234567}.Debug|x64.Build.0 = Debug|Any CPU
		{F6A7B8C9-D0E1-2345-F012-678901234567}.Debug|x86.ActiveCfg = Debug|Any CPU
		{F6A7B8C9-D0E1-2345-F012-678901234567}.Debug|x86.Build.0 = Debug|Any CPU
		{F6A7B8C9-D0E1-2345-F012-678901234567}.Release|Any CPU.ActiveCfg = Release|Any CPU
		{F6A7B8C9-D0E1-2345-F012-678901234567}.Release|Any CPU.Build.0 = Release|Any CPU
		{F6A7B8C9-D0E1-2345-F012-678901234567}.Release|x64.ActiveCfg = Release|Any CPU
		{F6A7B8C9-D0E1-2345-F012-678901234567}.Release|x64.Build.0 = Release|Any CPU
		{F6A7B8C9-D0E1-2345-F012-678901234567}.Release|x86.ActiveCfg = Release|Any CPU
		{F6A7B8C9-D0E1-2345-F012-678901234567}.Release|x86.Build.0 = Release|Any CPU
		{D0E1F2A3-B4C5-6789-3456-012345678901}.Debug|Any CPU.ActiveCfg = Debug|Any CPU
		{D0E1F2A3-B4C5-6789-3456-012345678901}.Debug|Any CPU.Build.0 = Debug|Any CPU
		{D0E1F2A3-B4C5-6789-3456-012345678901}.Debug|x64.ActiveCfg = Debug|Any CPU
		{D0E1F2A3-B4C5-6789-3456-012345678901}.Debug|x64.Build.0 = Debug|Any CPU
		{D0E1F2A3-B4C5-6789-3456-012345678901}.Debug|x86.ActiveCfg = Debug|Any CPU
		{D0E1F2A3-B4C5-6789-3456-012345678901}.Debug|x86.Build.0 = Debug|Any CPU
		{D0E1F2A3-B4C5-6789-3456-012345678901}.Release|Any CPU.ActiveCfg = Release|Any CPU
		{D0E1F2A3-B4C5-6789-3456-012345678901}.Release|Any CPU.Build.0 = Release|Any CPU
		{D0E1F2A3-B4C5-6789-3456-012345678901}.Release|x64.ActiveCfg = Release|Any CPU
		{D0E1F2A3-B4C5-6789-3456-012345678901}.Release|x64.Build.0 = Release|Any CPU
		{D0E1F2A3-B4C5-6789-3456-012345678901}.Release|x86.ActiveCfg = Release|Any CPU
		{D0E1F2A3-B4C5-6789-3456-012345678901}.Release|x86.Build.0 = Release|Any CPU
		{F0B24F66-A46B-44A5-85A8-1B21359A3457}.Debug|Any CPU.ActiveCfg = Debug|Any CPU
		{F0B24F66-A46B-44A5-85A8-1B21359A3457}.Debug|Any CPU.Build.0 = Debug|Any CPU
		{F0B24F66-A46B-44A5-85A8-1B21359A3457}.Debug|x64.ActiveCfg = Debug|Any CPU
		{F0B24F66-A46B-44A5-85A8-1B21359A3457}.Debug|x64.Build.0 = Debug|Any CPU
		{F0B24F66-A46B-44A5-85A8-1B21359A3457}.Debug|x86.ActiveCfg = Debug|Any CPU
		{F0B24F66-A46B-44A5-85A8-1B21359A3457}.Debug|x86.Build.0 = Debug|Any CPU
		{F0B24F66-A46B-44A5-85A8-1B21359A3457}.Release|Any CPU.ActiveCfg = Release|Any CPU
		{F0B24F66-A46B-44A5-85A8-1B21359A3457}.Release|Any CPU.Build.0 = Release|Any CPU
		{F0B24F66-A46B-44A5-85A8-1B21359A3457}.Release|x64.ActiveCfg = Release|Any CPU
		{F0B24F66-A46B-44A5-85A8-1B21359A3457}.Release|x64.Build.0 = Release|Any CPU
		{F0B24F66-A46B-44A5-85A8-1B21359A3457}.Release|x86.ActiveCfg = Release|Any CPU
		{F0B24F66-A46B-44A5-85A8-1B21359A3457}.Release|x86.Build.0 = Release|Any CPU
		{FA08D025-7DFA-4DDB-BECD-A41188CDBDB4}.Debug|Any CPU.ActiveCfg = Debug|Any CPU
		{FA08D025-7DFA-4DDB-BECD-A41188CDBDB4}.Debug|Any CPU.Build.0 = Debug|Any CPU
		{FA08D025-7DFA-4DDB-BECD-A41188CDBDB4}.Debug|x64.ActiveCfg = Debug|Any CPU
		{FA08D025-7DFA-4DDB-BECD-A41188CDBDB4}.Debug|x64.Build.0 = Debug|Any CPU
		{FA08D025-7DFA-4DDB-BECD-A41188CDBDB4}.Debug|x86.ActiveCfg = Debug|Any CPU
		{FA08D025-7DFA-4DDB-BECD-A41188CDBDB4}.Debug|x86.Build.0 = Debug|Any CPU
		{FA08D025-7DFA-4DDB-BECD-A41188CDBDB4}.Release|Any CPU.ActiveCfg = Release|Any CPU
		{FA08D025-7DFA-4DDB-BECD-A41188CDBDB4}.Release|Any CPU.Build.0 = Release|Any CPU
		{FA08D025-7DFA-4DDB-BECD-A41188CDBDB4}.Release|x64.ActiveCfg = Release|Any CPU
		{FA08D025-7DFA-4DDB-BECD-A41188CDBDB4}.Release|x64.Build.0 = Release|Any CPU
		{FA08D025-7DFA-4DDB-BECD-A41188CDBDB4}.Release|x86.ActiveCfg = Release|Any CPU
		{FA08D025-7DFA-4DDB-BECD-A41188CDBDB4}.Release|x86.Build.0 = Release|Any CPU
		{571CA7B2-6252-462F-B8D2-438C516233A1}.Debug|Any CPU.ActiveCfg = Debug|Any CPU
		{571CA7B2-6252-462F-B8D2-438C516233A1}.Debug|Any CPU.Build.0 = Debug|Any CPU
		{571CA7B2-6252-462F-B8D2-438C516233A1}.Debug|x64.ActiveCfg = Debug|Any CPU
		{571CA7B2-6252-462F-B8D2-438C516233A1}.Debug|x64.Build.0 = Debug|Any CPU
		{571CA7B2-6252-462F-B8D2-438C516233A1}.Debug|x86.ActiveCfg = Debug|Any CPU
		{571CA7B2-6252-462F-B8D2-438C516233A1}.Debug|x86.Build.0 = Debug|Any CPU
		{571CA7B2-6252-462F-B8D2-438C516233A1}.Release|Any CPU.ActiveCfg = Release|Any CPU
		{571CA7B2-6252-462F-B8D2-438C516233A1}.Release|Any CPU.Build.0 = Release|Any CPU
		{571CA7B2-6252-462F-B8D2-438C516233A1}.Release|x64.ActiveCfg = Release|Any CPU
		{571CA7B2-6252-462F-B8D2-438C516233A1}.Release|x64.Build.0 = Release|Any CPU
		{571CA7B2-6252-462F-B8D2-438C516233A1}.Release|x86.ActiveCfg = Release|Any CPU
		{571CA7B2-6252-462F-B8D2-438C516233A1}.Release|x86.Build.0 = Release|Any CPU
	EndGlobalSection
	GlobalSection(SolutionProperties) = preSolution
		HideSolutionNode = FALSE
	EndGlobalSection
	GlobalSection(NestedProjects) = preSolution
		{A1B2C3D4-E5F6-7890-ABCD-EF1234567890} = {827E0CD3-B72D-47B6-A68D-7590B98EB39B}
		{B2C3D4E5-F6A7-8901-BCDE-F23456789012} = {827E0CD3-B72D-47B6-A68D-7590B98EB39B}
		{D4E5F6A7-B8C9-0123-DEF0-456789012345} = {A1B2C3D4-E5F6-7890-ABCD-EF1234567890}
		{E5F6A7B8-C9D0-1234-EF01-567890123456} = {A1B2C3D4-E5F6-7890-ABCD-EF1234567890}
		{F6A7B8C9-D0E1-2345-F012-678901234567} = {A1B2C3D4-E5F6-7890-ABCD-EF1234567890}
		{D0E1F2A3-B4C5-6789-3456-012345678901} = {827E0CD3-B72D-47B6-A68D-7590B98EB39B}
		{F0B24F66-A46B-44A5-85A8-1B21359A3457} = {0AB3BF05-4346-4AA6-1389-037BE0695223}
		{FA08D025-7DFA-4DDB-BECD-A41188CDBDB4} = {0AB3BF05-4346-4AA6-1389-037BE0695223}
		{571CA7B2-6252-462F-B8D2-438C516233A1} = {0AB3BF05-4346-4AA6-1389-037BE0695223}
	EndGlobalSection
EndGlobal
